
Microsoft Visual Studio Solution File, Format Version 12.00
# Visual Studio Version 16
VisualStudioVersion = 16.0.31729.503
MinimumVisualStudioVersion = 10.0.40219.1
Project("{FAE04EC0-301F-11D3-BF4B-00C04F79EFBC}") = "MoviesStores", "MoviesStores\MoviesStores.csproj", "{B5819AAA-E135-460F-BFC6-0358345122F7}"
EndProject
Global
	GlobalSection(SolutionConfigurationPlatforms) = preSolution
		Debug|Any CPU = Debug|Any CPU
		Release|Any CPU = Release|Any CPU
	EndGlobalSection
	GlobalSection(ProjectConfigurationPlatforms) = postSolution
		{B5819AAA-E135-460F-BFC6-0358345122F7}.Debug|Any CPU.ActiveCfg = Debug|Any CPU
		{B5819AAA-E135-460F-BFC6-0358345122F7}.Debug|Any CPU.Build.0 = Debug|Any CPU
		{B5819AAA-E135-460F-BFC6-0358345122F7}.Release|Any CPU.ActiveCfg = Release|Any CPU
		{B5819AAA-E135-460F-BFC6-0358345122F7}.Release|Any CPU.Build.0 = Release|Any CPU
	EndGlobalSection
	GlobalSection(SolutionProperties) = preSolution
		HideSolutionNode = FALSE
	EndGlobalSection
	GlobalSection(ExtensibilityGlobals) = postSolution
		SolutionGuid = {AE1FD369-6F27-457A-84DA-CADCB7862CB6}
	EndGlobalSection
EndGlobal
